
Microsoft Visual Studio Solution File, Format Version 12.00
# Visual Studio Version 17
VisualStudioVersion = 17.3.32825.248
MinimumVisualStudioVersion = 10.0.40219.1
Project("{F184B08F-C81C-45F6-A57F-5ABD9991F28F}") = "MeasureTest", "MeasureTest\MeasureTest.vbproj", "{C4C92E86-2DFC-44AF-8B5E-0200413908F9}"
EndProject
Project("{2150E333-8FDC-42A3-9474-1A3956D46DE8}") = "MVVM", "MVVM", "{1C3BDCA3-DDBB-4E6C-ADA9-659893AF7008}"
EndProject
Project("{2150E333-8FDC-42A3-9474-1A3956D46DE8}") = "Forms", "Forms", "{B1249D79-F423-483F-A45A-EB4E0E78B07A}"
EndProject
Project("{2150E333-8FDC-42A3-9474-1A3956D46DE8}") = "UnitTestInDddDemo", "UnitTestInDddDemo", "{B30EDA55-D94A-4392-9655-70E65AC10043}"
EndProject
Project("{2150E333-8FDC-42A3-9474-1A3956D46DE8}") = "UnitTests", "UnitTests", "{160D555B-73A3-4E33-A072-4B199C517548}"
EndProject
Project("{F184B08F-C81C-45F6-A57F-5ABD9991F28F}") = "MeterialDesignTest", "Forms\MeterialDesignTest\MeterialDesignTest.vbproj", "{6B51CA76-76B1-47F0-BCD8-EDD9B434D77D}"
EndProject
Project("{778DAE3C-4631-46EA-AA77-85C1314464D9}") = "TestViewModelLibrary", "MVVM\TestViewModelLibrary\TestViewModelLibrary.vbproj", "{95CA89A7-FAED-4D78-8178-213C1F8E26E4}"
EndProject
Project("{F184B08F-C81C-45F6-A57F-5ABD9991F28F}") = "AppDomain", "UnitTestInDddDemo\AppDomain\AppDomain.vbproj", "{FADCD74E-EDF9-4694-A63A-6D4902F75F8B}"
EndProject
Project("{F184B08F-C81C-45F6-A57F-5ABD9991F28F}") = "AppInfrastructure", "UnitTestInDddDemo\AppInfrastructure\AppInfrastructure.vbproj", "{7C81A923-DA17-454B-AD01-D7D793EC5E15}"
EndProject
Project("{F184B08F-C81C-45F6-A57F-5ABD9991F28F}") = "AppKernel", "UnitTestInDddDemo\AppKernel\AppKernel.vbproj", "{4624089F-E87B-40CA-B2F5-2C43B8F18AD0}"
EndProject
Project("{F184B08F-C81C-45F6-A57F-5ABD9991F28F}") = "ConsoleRunner", "UnitTestInDddDemo\ConsoleRunner\ConsoleRunner.vbproj", "{EED3344C-4B08-4F9B-8A9A-E6BA508E68E1}"
EndProject
Project("{F184B08F-C81C-45F6-A57F-5ABD9991F28F}") = "WpfAppMvvm", "MVVM\WpfAppMvvm\WpfAppMvvm.vbproj", "{FC8B570D-5AD9-4959-8E5F-9371590C560F}"
EndProject
Project("{F184B08F-C81C-45F6-A57F-5ABD9991F28F}") = "AppKernelTests", "UnitTestInDddDemo\UnitTests\AppKernelTests\AppKernelTests.vbproj", "{8A4303E4-AC51-45C2-83D7-406E2F25A72E}"
EndProject
Project("{F184B08F-C81C-45F6-A57F-5ABD9991F28F}") = "InfrastructureTests", "UnitTestInDddDemo\UnitTests\InfrastructureTests\InfrastructureTests.vbproj", "{06752C22-1CF7-4913-BF99-7EFE998A35D1}"
EndProject
Global
	GlobalSection(SolutionConfigurationPlatforms) = preSolution
		Debug|Any CPU = Debug|Any CPU
		Release|Any CPU = Release|Any CPU
	EndGlobalSection
	GlobalSection(ProjectConfigurationPlatforms) = postSolution
		{C4C92E86-2DFC-44AF-8B5E-0200413908F9}.Debug|Any CPU.ActiveCfg = Debug|Any CPU
		{C4C92E86-2DFC-44AF-8B5E-0200413908F9}.Debug|Any CPU.Build.0 = Debug|Any CPU
		{C4C92E86-2DFC-44AF-8B5E-0200413908F9}.Release|Any CPU.ActiveCfg = Release|Any CPU
		{C4C92E86-2DFC-44AF-8B5E-0200413908F9}.Release|Any CPU.Build.0 = Release|Any CPU
		{6B51CA76-76B1-47F0-BCD8-EDD9B434D77D}.Debug|Any CPU.ActiveCfg = Debug|Any CPU
		{6B51CA76-76B1-47F0-BCD8-EDD9B434D77D}.Debug|Any CPU.Build.0 = Debug|Any CPU
		{6B51CA76-76B1-47F0-BCD8-EDD9B434D77D}.Release|Any CPU.ActiveCfg = Release|Any CPU
		{6B51CA76-76B1-47F0-BCD8-EDD9B434D77D}.Release|Any CPU.Build.0 = Release|Any CPU
		{95CA89A7-FAED-4D78-8178-213C1F8E26E4}.Debug|Any CPU.ActiveCfg = Debug|Any CPU
		{95CA89A7-FAED-4D78-8178-213C1F8E26E4}.Debug|Any CPU.Build.0 = Debug|Any CPU
		{95CA89A7-FAED-4D78-8178-213C1F8E26E4}.Release|Any CPU.ActiveCfg = Release|Any CPU
		{95CA89A7-FAED-4D78-8178-213C1F8E26E4}.Release|Any CPU.Build.0 = Release|Any CPU
		{FADCD74E-EDF9-4694-A63A-6D4902F75F8B}.Debug|Any CPU.ActiveCfg = Debug|Any CPU
		{FADCD74E-EDF9-4694-A63A-6D4902F75F8B}.Debug|Any CPU.Build.0 = Debug|Any CPU
		{FADCD74E-EDF9-4694-A63A-6D4902F75F8B}.Release|Any CPU.ActiveCfg = Release|Any CPU
		{FADCD74E-EDF9-4694-A63A-6D4902F75F8B}.Release|Any CPU.Build.0 = Release|Any CPU
		{7C81A923-DA17-454B-AD01-D7D793EC5E15}.Debug|Any CPU.ActiveCfg = Debug|Any CPU
		{7C81A923-DA17-454B-AD01-D7D793EC5E15}.Debug|Any CPU.Build.0 = Debug|Any CPU
		{7C81A923-DA17-454B-AD01-D7D793EC5E15}.Release|Any CPU.ActiveCfg = Release|Any CPU
		{7C81A923-DA17-454B-AD01-D7D793EC5E15}.Release|Any CPU.Build.0 = Release|Any CPU
		{4624089F-E87B-40CA-B2F5-2C43B8F18AD0}.Debug|Any CPU.ActiveCfg = Debug|Any CPU
		{4624089F-E87B-40CA-B2F5-2C43B8F18AD0}.Debug|Any CPU.Build.0 = Debug|Any CPU
		{4624089F-E87B-40CA-B2F5-2C43B8F18AD0}.Release|Any CPU.ActiveCfg = Release|Any CPU
		{4624089F-E87B-40CA-B2F5-2C43B8F18AD0}.Release|Any CPU.Build.0 = Release|Any CPU
		{EED3344C-4B08-4F9B-8A9A-E6BA508E68E1}.Debug|Any CPU.ActiveCfg = Debug|Any CPU
		{EED3344C-4B08-4F9B-8A9A-E6BA508E68E1}.Debug|Any CPU.Build.0 = Debug|Any CPU
		{EED3344C-4B08-4F9B-8A9A-E6BA508E68E1}.Release|Any CPU.ActiveCfg = Release|Any CPU
		{EED3344C-4B08-4F9B-8A9A-E6BA508E68E1}.Release|Any CPU.Build.0 = Release|Any CPU
		{FC8B570D-5AD9-4959-8E5F-9371590C560F}.Debug|Any CPU.ActiveCfg = Debug|Any CPU
		{FC8B570D-5AD9-4959-8E5F-9371590C560F}.Debug|Any CPU.Build.0 = Debug|Any CPU
		{FC8B570D-5AD9-4959-8E5F-9371590C560F}.Release|Any CPU.ActiveCfg = Release|Any CPU
		{FC8B570D-5AD9-4959-8E5F-9371590C560F}.Release|Any CPU.Build.0 = Release|Any CPU
		{8A4303E4-AC51-45C2-83D7-406E2F25A72E}.Debug|Any CPU.ActiveCfg = Debug|Any CPU
		{8A4303E4-AC51-45C2-83D7-406E2F25A72E}.Debug|Any CPU.Build.0 = Debug|Any CPU
		{8A4303E4-AC51-45C2-83D7-406E2F25A72E}.Release|Any CPU.ActiveCfg = Release|Any CPU
		{8A4303E4-AC51-45C2-83D7-406E2F25A72E}.Release|Any CPU.Build.0 = Release|Any CPU
		{06752C22-1CF7-4913-BF99-7EFE998A35D1}.Debug|Any CPU.ActiveCfg = Debug|Any CPU
		{06752C22-1CF7-4913-BF99-7EFE998A35D1}.Debug|Any CPU.Build.0 = Debug|Any CPU
		{06752C22-1CF7-4913-BF99-7EFE998A35D1}.Release|Any CPU.ActiveCfg = Release|Any CPU
		{06752C22-1CF7-4913-BF99-7EFE998A35D1}.Release|Any CPU.Build.0 = Release|Any CPU
	EndGlobalSection
	GlobalSection(SolutionProperties) = preSolution
		HideSolutionNode = FALSE
	EndGlobalSection
	GlobalSection(NestedProjects) = preSolution
		{160D555B-73A3-4E33-A072-4B199C517548} = {B30EDA55-D94A-4392-9655-70E65AC10043}
		{6B51CA76-76B1-47F0-BCD8-EDD9B434D77D} = {B1249D79-F423-483F-A45A-EB4E0E78B07A}
		{95CA89A7-FAED-4D78-8178-213C1F8E26E4} = {1C3BDCA3-DDBB-4E6C-ADA9-659893AF7008}
		{FADCD74E-EDF9-4694-A63A-6D4902F75F8B} = {B30EDA55-D94A-4392-9655-70E65AC10043}
		{7C81A923-DA17-454B-AD01-D7D793EC5E15} = {B30EDA55-D94A-4392-9655-70E65AC10043}
		{4624089F-E87B-40CA-B2F5-2C43B8F18AD0} = {B30EDA55-D94A-4392-9655-70E65AC10043}
		{EED3344C-4B08-4F9B-8A9A-E6BA508E68E1} = {B30EDA55-D94A-4392-9655-70E65AC10043}
		{FC8B570D-5AD9-4959-8E5F-9371590C560F} = {1C3BDCA3-DDBB-4E6C-ADA9-659893AF7008}
		{8A4303E4-AC51-45C2-83D7-406E2F25A72E} = {160D555B-73A3-4E33-A072-4B199C517548}
		{06752C22-1CF7-4913-BF99-7EFE998A35D1} = {160D555B-73A3-4E33-A072-4B199C517548}
	EndGlobalSection
	GlobalSection(ExtensibilityGlobals) = postSolution
		SolutionGuid = {F036B9E5-D230-4C1B-9747-6EF9437D4C6A}
	EndGlobalSection
EndGlobal
